
Microsoft Visual Studio Solution File, Format Version 12.00
# Visual Studio Version 16
VisualStudioVersion = 16.0.31424.327
MinimumVisualStudioVersion = 10.0.40219.1
Project("{FAE04EC0-301F-11D3-BF4B-00C04F79EFBC}") = "ContactsLibrary", "ContactsLibrary\ContactsLibrary.csproj", "{7DE111C3-4748-471F-B3B3-4DDDD90C3E02}"
EndProject
Project("{FAE04EC0-301F-11D3-BF4B-00C04F79EFBC}") = "ContactsDisplayForm", "ContactsDisplayForm\ContactsDisplayForm.csproj", "{E94581DF-9481-48BA-995A-DB8A43CB8BD0}"
EndProject
Global
	GlobalSection(SolutionConfigurationPlatforms) = preSolution
		Debug|Any CPU = Debug|Any CPU
		Release|Any CPU = Release|Any CPU
	EndGlobalSection
	GlobalSection(ProjectConfigurationPlatforms) = postSolution
		{7DE111C3-4748-471F-B3B3-4DDDD90C3E02}.Debug|Any CPU.ActiveCfg = Debug|Any CPU
		{7DE111C3-4748-471F-B3B3-4DDDD90C3E02}.Debug|Any CPU.Build.0 = Debug|Any CPU
		{7DE111C3-4748-471F-B3B3-4DDDD90C3E02}.Release|Any CPU.ActiveCfg = Release|Any CPU
		{7DE111C3-4748-471F-B3B3-4DDDD90C3E02}.Release|Any CPU.Build.0 = Release|Any CPU
		{E94581DF-9481-48BA-995A-DB8A43CB8BD0}.Debug|Any CPU.ActiveCfg = Debug|Any CPU
		{E94581DF-9481-48BA-995A-DB8A43CB8BD0}.Debug|Any CPU.Build.0 = Debug|Any CPU
		{E94581DF-9481-48BA-995A-DB8A43CB8BD0}.Release|Any CPU.ActiveCfg = Release|Any CPU
		{E94581DF-9481-48BA-995A-DB8A43CB8BD0}.Release|Any CPU.Build.0 = Release|Any CPU
	EndGlobalSection
	GlobalSection(SolutionProperties) = preSolution
		HideSolutionNode = FALSE
	EndGlobalSection
	GlobalSection(ExtensibilityGlobals) = postSolution
		SolutionGuid = {092B4BA0-F7A7-4AF3-B66A-D2F089DEC0BB}
	EndGlobalSection
EndGlobal
