
Microsoft Visual Studio Solution File, Format Version 12.00
# Visual Studio Version 16
VisualStudioVersion = 16.0.31424.327
MinimumVisualStudioVersion = 10.0.40219.1
Project("{FAE04EC0-301F-11D3-BF4B-00C04F79EFBC}") = "CalcDelegateApp", "CalcDelegateApp\CalcDelegateApp.csproj", "{427927B7-05D3-4979-AA83-D2473B563C1C}"
EndProject
Global
	GlobalSection(SolutionConfigurationPlatforms) = preSolution
		Debug|Any CPU = Debug|Any CPU
		Release|Any CPU = Release|Any CPU
	EndGlobalSection
	GlobalSection(ProjectConfigurationPlatforms) = postSolution
		{427927B7-05D3-4979-AA83-D2473B563C1C}.Debug|Any CPU.ActiveCfg = Debug|Any CPU
		{427927B7-05D3-4979-AA83-D2473B563C1C}.Debug|Any CPU.Build.0 = Debug|Any CPU
		{427927B7-05D3-4979-AA83-D2473B563C1C}.Release|Any CPU.ActiveCfg = Release|Any CPU
		{427927B7-05D3-4979-AA83-D2473B563C1C}.Release|Any CPU.Build.0 = Release|Any CPU
	EndGlobalSection
	GlobalSection(SolutionProperties) = preSolution
		HideSolutionNode = FALSE
	EndGlobalSection
	GlobalSection(ExtensibilityGlobals) = postSolution
		SolutionGuid = {3FCACAAE-756A-49DD-AEBA-FC9FEDD857CF}
	EndGlobalSection
EndGlobal
