
Microsoft Visual Studio Solution File, Format Version 12.00
# Visual Studio Version 16
VisualStudioVersion = 16.0.31424.327
MinimumVisualStudioVersion = 10.0.40219.1
Project("{FAE04EC0-301F-11D3-BF4B-00C04F79EFBC}") = "ActionFuncPredApp", "ActionFuncPredApp\ActionFuncPredApp.csproj", "{F2F73E5F-AF65-439C-886C-F99B06EFAB62}"
EndProject
Global
	GlobalSection(SolutionConfigurationPlatforms) = preSolution
		Debug|Any CPU = Debug|Any CPU
		Release|Any CPU = Release|Any CPU
	EndGlobalSection
	GlobalSection(ProjectConfigurationPlatforms) = postSolution
		{F2F73E5F-AF65-439C-886C-F99B06EFAB62}.Debug|Any CPU.ActiveCfg = Debug|Any CPU
		{F2F73E5F-AF65-439C-886C-F99B06EFAB62}.Debug|Any CPU.Build.0 = Debug|Any CPU
		{F2F73E5F-AF65-439C-886C-F99B06EFAB62}.Release|Any CPU.ActiveCfg = Release|Any CPU
		{F2F73E5F-AF65-439C-886C-F99B06EFAB62}.Release|Any CPU.Build.0 = Release|Any CPU
	EndGlobalSection
	GlobalSection(SolutionProperties) = preSolution
		HideSolutionNode = FALSE
	EndGlobalSection
	GlobalSection(ExtensibilityGlobals) = postSolution
		SolutionGuid = {A1C31D8F-A1EE-4DA4-B226-E5325DCB1385}
	EndGlobalSection
EndGlobal
