
Microsoft Visual Studio Solution File, Format Version 12.00
# Visual Studio Version 16
VisualStudioVersion = 16.0.31424.327
MinimumVisualStudioVersion = 10.0.40219.1
Project("{FAE04EC0-301F-11D3-BF4B-00C04F79EFBC}") = "EmpApp", "EmpApp\EmpApp.csproj", "{F4450CD6-0D04-492B-BCE1-57D944DECF42}"
EndProject
Global
	GlobalSection(SolutionConfigurationPlatforms) = preSolution
		Debug|Any CPU = Debug|Any CPU
		Release|Any CPU = Release|Any CPU
	EndGlobalSection
	GlobalSection(ProjectConfigurationPlatforms) = postSolution
		{F4450CD6-0D04-492B-BCE1-57D944DECF42}.Debug|Any CPU.ActiveCfg = Debug|Any CPU
		{F4450CD6-0D04-492B-BCE1-57D944DECF42}.Debug|Any CPU.Build.0 = Debug|Any CPU
		{F4450CD6-0D04-492B-BCE1-57D944DECF42}.Release|Any CPU.ActiveCfg = Release|Any CPU
		{F4450CD6-0D04-492B-BCE1-57D944DECF42}.Release|Any CPU.Build.0 = Release|Any CPU
	EndGlobalSection
	GlobalSection(SolutionProperties) = preSolution
		HideSolutionNode = FALSE
	EndGlobalSection
	GlobalSection(ExtensibilityGlobals) = postSolution
		SolutionGuid = {6CCF23EF-249E-4927-B2C0-F9A4FC09D3B1}
	EndGlobalSection
EndGlobal
