
Microsoft Visual Studio Solution File, Format Version 12.00
# Visual Studio Version 16
VisualStudioVersion = 16.0.31424.327
MinimumVisualStudioVersion = 10.0.40219.1
Project("{FAE04EC0-301F-11D3-BF4B-00C04F79EFBC}") = "ISPSolutionApp", "ISPSolutionApp\ISPSolutionApp.csproj", "{3873F698-0165-4C63-BED7-4C9D5BD56A78}"
EndProject
Global
	GlobalSection(SolutionConfigurationPlatforms) = preSolution
		Debug|Any CPU = Debug|Any CPU
		Release|Any CPU = Release|Any CPU
	EndGlobalSection
	GlobalSection(ProjectConfigurationPlatforms) = postSolution
		{3873F698-0165-4C63-BED7-4C9D5BD56A78}.Debug|Any CPU.ActiveCfg = Debug|Any CPU
		{3873F698-0165-4C63-BED7-4C9D5BD56A78}.Debug|Any CPU.Build.0 = Debug|Any CPU
		{3873F698-0165-4C63-BED7-4C9D5BD56A78}.Release|Any CPU.ActiveCfg = Release|Any CPU
		{3873F698-0165-4C63-BED7-4C9D5BD56A78}.Release|Any CPU.Build.0 = Release|Any CPU
	EndGlobalSection
	GlobalSection(SolutionProperties) = preSolution
		HideSolutionNode = FALSE
	EndGlobalSection
	GlobalSection(ExtensibilityGlobals) = postSolution
		SolutionGuid = {4C2E18AD-629A-48FA-9105-9B180BE729FB}
	EndGlobalSection
EndGlobal
