
Microsoft Visual Studio Solution File, Format Version 12.00
# Visual Studio Version 16
VisualStudioVersion = 16.0.31424.327
MinimumVisualStudioVersion = 10.0.40219.1
Project("{FAE04EC0-301F-11D3-BF4B-00C04F79EFBC}") = "TransactionSolutionApp", "TransactionSolutionApp\TransactionSolutionApp.csproj", "{11D93E20-1FBC-4625-BE41-2104E6F9B1E5}"
EndProject
Global
	GlobalSection(SolutionConfigurationPlatforms) = preSolution
		Debug|Any CPU = Debug|Any CPU
		Release|Any CPU = Release|Any CPU
	EndGlobalSection
	GlobalSection(ProjectConfigurationPlatforms) = postSolution
		{11D93E20-1FBC-4625-BE41-2104E6F9B1E5}.Debug|Any CPU.ActiveCfg = Debug|Any CPU
		{11D93E20-1FBC-4625-BE41-2104E6F9B1E5}.Debug|Any CPU.Build.0 = Debug|Any CPU
		{11D93E20-1FBC-4625-BE41-2104E6F9B1E5}.Release|Any CPU.ActiveCfg = Release|Any CPU
		{11D93E20-1FBC-4625-BE41-2104E6F9B1E5}.Release|Any CPU.Build.0 = Release|Any CPU
	EndGlobalSection
	GlobalSection(SolutionProperties) = preSolution
		HideSolutionNode = FALSE
	EndGlobalSection
	GlobalSection(ExtensibilityGlobals) = postSolution
		SolutionGuid = {E5CFCCB3-7DE9-4C93-95EE-C53DEF65CE41}
	EndGlobalSection
EndGlobal
