
Microsoft Visual Studio Solution File, Format Version 12.00
# Visual Studio Version 16
VisualStudioVersion = 16.0.31424.327
MinimumVisualStudioVersion = 10.0.40219.1
Project("{FAE04EC0-301F-11D3-BF4B-00C04F79EFBC}") = "ContactsDBApp", "ContactsDBApp\ContactsDBApp.csproj", "{84806BF7-283E-481E-AD24-BDA4F6564EA3}"
EndProject
Global
	GlobalSection(SolutionConfigurationPlatforms) = preSolution
		Debug|Any CPU = Debug|Any CPU
		Release|Any CPU = Release|Any CPU
	EndGlobalSection
	GlobalSection(ProjectConfigurationPlatforms) = postSolution
		{84806BF7-283E-481E-AD24-BDA4F6564EA3}.Debug|Any CPU.ActiveCfg = Debug|Any CPU
		{84806BF7-283E-481E-AD24-BDA4F6564EA3}.Debug|Any CPU.Build.0 = Debug|Any CPU
		{84806BF7-283E-481E-AD24-BDA4F6564EA3}.Release|Any CPU.ActiveCfg = Release|Any CPU
		{84806BF7-283E-481E-AD24-BDA4F6564EA3}.Release|Any CPU.Build.0 = Release|Any CPU
	EndGlobalSection
	GlobalSection(SolutionProperties) = preSolution
		HideSolutionNode = FALSE
	EndGlobalSection
	GlobalSection(ExtensibilityGlobals) = postSolution
		SolutionGuid = {A0EA6E95-5710-4A8E-804F-CEB551B0CD49}
	EndGlobalSection
EndGlobal
