
Microsoft Visual Studio Solution File, Format Version 12.00
# Visual Studio Version 16
VisualStudioVersion = 16.0.31424.327
MinimumVisualStudioVersion = 10.0.40219.1
Project("{FAE04EC0-301F-11D3-BF4B-00C04F79EFBC}") = "EmployeeDataAnalyzeApp", "EmployeeDataAnalyzeApp\EmployeeDataAnalyzeApp.csproj", "{427C3C0E-F68B-4327-A57F-2FA06A14C2A0}"
EndProject
Global
	GlobalSection(SolutionConfigurationPlatforms) = preSolution
		Debug|Any CPU = Debug|Any CPU
		Release|Any CPU = Release|Any CPU
	EndGlobalSection
	GlobalSection(ProjectConfigurationPlatforms) = postSolution
		{427C3C0E-F68B-4327-A57F-2FA06A14C2A0}.Debug|Any CPU.ActiveCfg = Debug|Any CPU
		{427C3C0E-F68B-4327-A57F-2FA06A14C2A0}.Debug|Any CPU.Build.0 = Debug|Any CPU
		{427C3C0E-F68B-4327-A57F-2FA06A14C2A0}.Release|Any CPU.ActiveCfg = Release|Any CPU
		{427C3C0E-F68B-4327-A57F-2FA06A14C2A0}.Release|Any CPU.Build.0 = Release|Any CPU
	EndGlobalSection
	GlobalSection(SolutionProperties) = preSolution
		HideSolutionNode = FALSE
	EndGlobalSection
	GlobalSection(ExtensibilityGlobals) = postSolution
		SolutionGuid = {1DC02BB9-7C3F-44D3-B6AF-DF9BB689D6A1}
	EndGlobalSection
EndGlobal
