
Microsoft Visual Studio Solution File, Format Version 12.00
# Visual Studio Version 16
VisualStudioVersion = 16.0.31424.327
MinimumVisualStudioVersion = 10.0.40219.1
Project("{FAE04EC0-301F-11D3-BF4B-00C04F79EFBC}") = "TicTacToeLib", "TicTacToeLib\TicTacToeLib.csproj", "{EE326FDB-0573-46AD-9CE6-C3258E2BCE2F}"
EndProject
Project("{FAE04EC0-301F-11D3-BF4B-00C04F79EFBC}") = "TicTacToe.Tests", "TicTacToe.Tests\TicTacToe.Tests.csproj", "{4483F6A5-DF48-401F-8789-266B7E25A994}"
EndProject
Project("{FAE04EC0-301F-11D3-BF4B-00C04F79EFBC}") = "TicTacToeFormApp", "TicTacToeFormApp\TicTacToeFormApp.csproj", "{690B536F-4002-4CC2-A2C0-5717A83442E6}"
EndProject
Global
	GlobalSection(SolutionConfigurationPlatforms) = preSolution
		Debug|Any CPU = Debug|Any CPU
		Release|Any CPU = Release|Any CPU
	EndGlobalSection
	GlobalSection(ProjectConfigurationPlatforms) = postSolution
		{EE326FDB-0573-46AD-9CE6-C3258E2BCE2F}.Debug|Any CPU.ActiveCfg = Debug|Any CPU
		{EE326FDB-0573-46AD-9CE6-C3258E2BCE2F}.Debug|Any CPU.Build.0 = Debug|Any CPU
		{EE326FDB-0573-46AD-9CE6-C3258E2BCE2F}.Release|Any CPU.ActiveCfg = Release|Any CPU
		{EE326FDB-0573-46AD-9CE6-C3258E2BCE2F}.Release|Any CPU.Build.0 = Release|Any CPU
		{4483F6A5-DF48-401F-8789-266B7E25A994}.Debug|Any CPU.ActiveCfg = Debug|Any CPU
		{4483F6A5-DF48-401F-8789-266B7E25A994}.Debug|Any CPU.Build.0 = Debug|Any CPU
		{4483F6A5-DF48-401F-8789-266B7E25A994}.Release|Any CPU.ActiveCfg = Release|Any CPU
		{4483F6A5-DF48-401F-8789-266B7E25A994}.Release|Any CPU.Build.0 = Release|Any CPU
		{690B536F-4002-4CC2-A2C0-5717A83442E6}.Debug|Any CPU.ActiveCfg = Debug|Any CPU
		{690B536F-4002-4CC2-A2C0-5717A83442E6}.Debug|Any CPU.Build.0 = Debug|Any CPU
		{690B536F-4002-4CC2-A2C0-5717A83442E6}.Release|Any CPU.ActiveCfg = Release|Any CPU
		{690B536F-4002-4CC2-A2C0-5717A83442E6}.Release|Any CPU.Build.0 = Release|Any CPU
	EndGlobalSection
	GlobalSection(SolutionProperties) = preSolution
		HideSolutionNode = FALSE
	EndGlobalSection
	GlobalSection(ExtensibilityGlobals) = postSolution
		SolutionGuid = {A32EBDCF-4A5C-4F36-8ED4-44BA4D7BF6E9}
	EndGlobalSection
EndGlobal
