
Microsoft Visual Studio Solution File, Format Version 12.00
# Visual Studio Version 16
VisualStudioVersion = 16.0.31424.327
MinimumVisualStudioVersion = 10.0.40219.1
Project("{FAE04EC0-301F-11D3-BF4B-00C04F79EFBC}") = "WelcomeMVCApp", "WelcomeMVCApp\WelcomeMVCApp.csproj", "{7E66A1B3-B0B6-439D-88B6-C50EDF59C603}"
EndProject
Global
	GlobalSection(SolutionConfigurationPlatforms) = preSolution
		Debug|Any CPU = Debug|Any CPU
		Release|Any CPU = Release|Any CPU
	EndGlobalSection
	GlobalSection(ProjectConfigurationPlatforms) = postSolution
		{7E66A1B3-B0B6-439D-88B6-C50EDF59C603}.Debug|Any CPU.ActiveCfg = Debug|Any CPU
		{7E66A1B3-B0B6-439D-88B6-C50EDF59C603}.Debug|Any CPU.Build.0 = Debug|Any CPU
		{7E66A1B3-B0B6-439D-88B6-C50EDF59C603}.Release|Any CPU.ActiveCfg = Release|Any CPU
		{7E66A1B3-B0B6-439D-88B6-C50EDF59C603}.Release|Any CPU.Build.0 = Release|Any CPU
	EndGlobalSection
	GlobalSection(SolutionProperties) = preSolution
		HideSolutionNode = FALSE
	EndGlobalSection
	GlobalSection(ExtensibilityGlobals) = postSolution
		SolutionGuid = {226BB1D6-7D65-4C40-88EA-82A54EC9E603}
	EndGlobalSection
EndGlobal
