
Microsoft Visual Studio Solution File, Format Version 12.00
# Visual Studio Version 16
VisualStudioVersion = 16.0.31424.327
MinimumVisualStudioVersion = 10.0.40219.1
Project("{FAE04EC0-301F-11D3-BF4B-00C04F79EFBC}") = "BankApp", "BankApp\BankApp.csproj", "{D848BE20-86E4-40AF-ADCA-A6C98CD69ECA}"
EndProject
Project("{FAE04EC0-301F-11D3-BF4B-00C04F79EFBC}") = "BankLib", "BankLib\BankLib.csproj", "{DAAC05C4-7F80-4E54-B652-10C5C4E46750}"
EndProject
Global
	GlobalSection(SolutionConfigurationPlatforms) = preSolution
		Debug|Any CPU = Debug|Any CPU
		Release|Any CPU = Release|Any CPU
	EndGlobalSection
	GlobalSection(ProjectConfigurationPlatforms) = postSolution
		{D848BE20-86E4-40AF-ADCA-A6C98CD69ECA}.Debug|Any CPU.ActiveCfg = Debug|Any CPU
		{D848BE20-86E4-40AF-ADCA-A6C98CD69ECA}.Debug|Any CPU.Build.0 = Debug|Any CPU
		{D848BE20-86E4-40AF-ADCA-A6C98CD69ECA}.Release|Any CPU.ActiveCfg = Release|Any CPU
		{D848BE20-86E4-40AF-ADCA-A6C98CD69ECA}.Release|Any CPU.Build.0 = Release|Any CPU
		{DAAC05C4-7F80-4E54-B652-10C5C4E46750}.Debug|Any CPU.ActiveCfg = Debug|Any CPU
		{DAAC05C4-7F80-4E54-B652-10C5C4E46750}.Debug|Any CPU.Build.0 = Debug|Any CPU
		{DAAC05C4-7F80-4E54-B652-10C5C4E46750}.Release|Any CPU.ActiveCfg = Release|Any CPU
		{DAAC05C4-7F80-4E54-B652-10C5C4E46750}.Release|Any CPU.Build.0 = Release|Any CPU
	EndGlobalSection
	GlobalSection(SolutionProperties) = preSolution
		HideSolutionNode = FALSE
	EndGlobalSection
	GlobalSection(ExtensibilityGlobals) = postSolution
		SolutionGuid = {8AD3E738-5B67-4468-9435-4028A6F2D27B}
	EndGlobalSection
EndGlobal
