
Microsoft Visual Studio Solution File, Format Version 12.00
# Visual Studio Version 16
VisualStudioVersion = 16.0.31424.327
MinimumVisualStudioVersion = 10.0.40219.1
Project("{FAE04EC0-301F-11D3-BF4B-00C04F79EFBC}") = "CustomerLib", "CustomerLib\CustomerLib.csproj", "{A4812193-7A7E-4B1D-9A4F-697BC5273692}"
EndProject
Project("{FAE04EC0-301F-11D3-BF4B-00C04F79EFBC}") = "CustomerApp", "CustomerApp\CustomerApp.csproj", "{098B0794-CD39-47D6-A1CC-4B63A0177785}"
EndProject
Global
	GlobalSection(SolutionConfigurationPlatforms) = preSolution
		Debug|Any CPU = Debug|Any CPU
		Release|Any CPU = Release|Any CPU
	EndGlobalSection
	GlobalSection(ProjectConfigurationPlatforms) = postSolution
		{A4812193-7A7E-4B1D-9A4F-697BC5273692}.Debug|Any CPU.ActiveCfg = Debug|Any CPU
		{A4812193-7A7E-4B1D-9A4F-697BC5273692}.Debug|Any CPU.Build.0 = Debug|Any CPU
		{A4812193-7A7E-4B1D-9A4F-697BC5273692}.Release|Any CPU.ActiveCfg = Release|Any CPU
		{A4812193-7A7E-4B1D-9A4F-697BC5273692}.Release|Any CPU.Build.0 = Release|Any CPU
		{098B0794-CD39-47D6-A1CC-4B63A0177785}.Debug|Any CPU.ActiveCfg = Debug|Any CPU
		{098B0794-CD39-47D6-A1CC-4B63A0177785}.Debug|Any CPU.Build.0 = Debug|Any CPU
		{098B0794-CD39-47D6-A1CC-4B63A0177785}.Release|Any CPU.ActiveCfg = Release|Any CPU
		{098B0794-CD39-47D6-A1CC-4B63A0177785}.Release|Any CPU.Build.0 = Release|Any CPU
	EndGlobalSection
	GlobalSection(SolutionProperties) = preSolution
		HideSolutionNode = FALSE
	EndGlobalSection
	GlobalSection(ExtensibilityGlobals) = postSolution
		SolutionGuid = {2043944B-06F8-4602-89DF-852F66CF691B}
	EndGlobalSection
EndGlobal
