
Microsoft Visual Studio Solution File, Format Version 12.00
# Visual Studio Version 16
VisualStudioVersion = 16.0.31424.327
MinimumVisualStudioVersion = 10.0.40219.1
Project("{FAE04EC0-301F-11D3-BF4B-00C04F79EFBC}") = "StudentWebApiApp", "StudentWebApiApp\StudentWebApiApp.csproj", "{AE4EB300-706C-4DAE-9A74-C12822363270}"
EndProject
Project("{FAE04EC0-301F-11D3-BF4B-00C04F79EFBC}") = "StudentLib", "StudentLib\StudentLib.csproj", "{2EA91743-C98D-409F-AC1D-4EA820E7357E}"
EndProject
Global
	GlobalSection(SolutionConfigurationPlatforms) = preSolution
		Debug|Any CPU = Debug|Any CPU
		Release|Any CPU = Release|Any CPU
	EndGlobalSection
	GlobalSection(ProjectConfigurationPlatforms) = postSolution
		{AE4EB300-706C-4DAE-9A74-C12822363270}.Debug|Any CPU.ActiveCfg = Debug|Any CPU
		{AE4EB300-706C-4DAE-9A74-C12822363270}.Debug|Any CPU.Build.0 = Debug|Any CPU
		{AE4EB300-706C-4DAE-9A74-C12822363270}.Release|Any CPU.ActiveCfg = Release|Any CPU
		{AE4EB300-706C-4DAE-9A74-C12822363270}.Release|Any CPU.Build.0 = Release|Any CPU
		{2EA91743-C98D-409F-AC1D-4EA820E7357E}.Debug|Any CPU.ActiveCfg = Debug|Any CPU
		{2EA91743-C98D-409F-AC1D-4EA820E7357E}.Debug|Any CPU.Build.0 = Debug|Any CPU
		{2EA91743-C98D-409F-AC1D-4EA820E7357E}.Release|Any CPU.ActiveCfg = Release|Any CPU
		{2EA91743-C98D-409F-AC1D-4EA820E7357E}.Release|Any CPU.Build.0 = Release|Any CPU
	EndGlobalSection
	GlobalSection(SolutionProperties) = preSolution
		HideSolutionNode = FALSE
	EndGlobalSection
	GlobalSection(ExtensibilityGlobals) = postSolution
		SolutionGuid = {0025A3F7-C5FA-402A-BD71-E5E0CBF060F7}
	EndGlobalSection
EndGlobal
